
Microsoft Visual Studio Solution File, Format Version 12.00
# Visual Studio Version 17
VisualStudioVersion = 17.0.31903.59
MinimumVisualStudioVersion = 10.0.40219.1
Project("{2150E333-8FDC-42A3-9474-1A3956D46DE8}") = "src", "src", "{B78D7BAC-DD9D-4C00-8756-940697A06114}"
EndProject
Project("{FAE04EC0-301F-11D3-BF4B-00C04F79EFBC}") = "Soarscore.Domain", "src\Soarscore.Domain\Soarscore.Domain.csproj", "{558E6B11-834F-4FC6-9A91-7B4635723404}"
EndProject
Project("{2150E333-8FDC-42A3-9474-1A3956D46DE8}") = "tools", "tools", "{66AA7A19-7298-486B-BA27-96B4A3E3A6EE}"
EndProject
Project("{FAE04EC0-301F-11D3-BF4B-00C04F79EFBC}") = "Soarscore.SeedData", "tools\Soarscore.SeedData\Soarscore.SeedData.csproj", "{CCE1FCF2-332C-4A13-80FE-2DB22603DB6F}"
EndProject
Project("{2150E333-8FDC-42A3-9474-1A3956D46DE8}") = "tests", "tests", "{1D55DED2-8329-4917-A077-37B53C358887}"
EndProject
Project("{FAE04EC0-301F-11D3-BF4B-00C04F79EFBC}") = "Soarscore.Domain.Tests", "tests\Soarscore.Domain.Tests\Soarscore.Domain.Tests.csproj", "{71BBB294-0BB8-4B61-8FA7-3B9962A8DA41}"
EndProject
Project("{FAE04EC0-301F-11D3-BF4B-00C04F79EFBC}") = "Soarscore.Application", "src\Soarscore.Application\Soarscore.Application.csproj", "{BD08D732-9291-46CD-A877-95C0B5AA38FD}"
EndProject
Project("{FAE04EC0-301F-11D3-BF4B-00C04F79EFBC}") = "Soarscore.Infrastructure", "src\Soarscore.Infrastructure\Soarscore.Infrastructure.csproj", "{4FDE8EBF-54ED-4689-A098-C94B976D3F16}"
EndProject
Project("{FAE04EC0-301F-11D3-BF4B-00C04F79EFBC}") = "Soarscore.Application.Tests", "tests\Soarscore.Application.Tests\Soarscore.Application.Tests.csproj", "{38695938-ACC2-4962-8040-7BED6797A269}"
EndProject
Project("{FAE04EC0-301F-11D3-BF4B-00C04F79EFBC}") = "Soarscore.Architecture.Tests", "tests\Soarscore.Architecture.Tests\Soarscore.Architecture.Tests.csproj", "{979F05A5-4CDE-453D-AB21-8EA68DBC2C91}"
EndProject
Global
	GlobalSection(SolutionConfigurationPlatforms) = preSolution
		Debug|Any CPU = Debug|Any CPU
		Debug|x64 = Debug|x64
		Debug|x86 = Debug|x86
		Release|Any CPU = Release|Any CPU
		Release|x64 = Release|x64
		Release|x86 = Release|x86
	EndGlobalSection
	GlobalSection(ProjectConfigurationPlatforms) = postSolution
		{558E6B11-834F-4FC6-9A91-7B4635723404}.Debug|Any CPU.ActiveCfg = Debug|Any CPU
		{558E6B11-834F-4FC6-9A91-7B4635723404}.Debug|Any CPU.Build.0 = Debug|Any CPU
		{558E6B11-834F-4FC6-9A91-7B4635723404}.Debug|x64.ActiveCfg = Debug|Any CPU
		{558E6B11-834F-4FC6-9A91-7B4635723404}.Debug|x64.Build.0 = Debug|Any CPU
		{558E6B11-834F-4FC6-9A91-7B4635723404}.Debug|x86.ActiveCfg = Debug|Any CPU
		{558E6B11-834F-4FC6-9A91-7B4635723404}.Debug|x86.Build.0 = Debug|Any CPU
		{558E6B11-834F-4FC6-9A91-7B4635723404}.Release|Any CPU.ActiveCfg = Release|Any CPU
		{558E6B11-834F-4FC6-9A91-7B4635723404}.Release|Any CPU.Build.0 = Release|Any CPU
		{558E6B11-834F-4FC6-9A91-7B4635723404}.Release|x64.ActiveCfg = Release|Any CPU
		{558E6B11-834F-4FC6-9A91-7B4635723404}.Release|x64.Build.0 = Release|Any CPU
		{558E6B11-834F-4FC6-9A91-7B4635723404}.Release|x86.ActiveCfg = Release|Any CPU
		{558E6B11-834F-4FC6-9A91-7B4635723404}.Release|x86.Build.0 = Release|Any CPU
		{CCE1FCF2-332C-4A13-80FE-2DB22603DB6F}.Debug|Any CPU.ActiveCfg = Debug|Any CPU
		{CCE1FCF2-332C-4A13-80FE-2DB22603DB6F}.Debug|Any CPU.Build.0 = Debug|Any CPU
		{CCE1FCF2-332C-4A13-80FE-2DB22603DB6F}.Debug|x64.ActiveCfg = Debug|Any CPU
		{CCE1FCF2-332C-4A13-80FE-2DB22603DB6F}.Debug|x64.Build.0 = Debug|Any CPU
		{CCE1FCF2-332C-4A13-80FE-2DB22603DB6F}.Debug|x86.ActiveCfg = Debug|Any CPU
		{CCE1FCF2-332C-4A13-80FE-2DB22603DB6F}.Debug|x86.Build.0 = Debug|Any CPU
		{CCE1FCF2-332C-4A13-80FE-2DB22603DB6F}.Release|Any CPU.ActiveCfg = Release|Any CPU
		{CCE1FCF2-332C-4A13-80FE-2DB22603DB6F}.Release|Any CPU.Build.0 = Release|Any CPU
		{CCE1FCF2-332C-4A13-80FE-2DB22603DB6F}.Release|x64.ActiveCfg = Release|Any CPU
		{CCE1FCF2-332C-4A13-80FE-2DB22603DB6F}.Release|x64.Build.0 = Release|Any CPU
		{CCE1FCF2-332C-4A13-80FE-2DB22603DB6F}.Release|x86.ActiveCfg = Release|Any CPU
		{CCE1FCF2-332C-4A13-80FE-2DB22603DB6F}.Release|x86.Build.0 = Release|Any CPU
		{71BBB294-0BB8-4B61-8FA7-3B9962A8DA41}.Debug|Any CPU.ActiveCfg = Debug|Any CPU
		{71BBB294-0BB8-4B61-8FA7-3B9962A8DA41}.Debug|Any CPU.Build.0 = Debug|Any CPU
		{71BBB294-0BB8-4B61-8FA7-3B9962A8DA41}.Debug|x64.ActiveCfg = Debug|Any CPU
		{71BBB294-0BB8-4B61-8FA7-3B9962A8DA41}.Debug|x64.Build.0 = Debug|Any CPU
		{71BBB294-0BB8-4B61-8FA7-3B9962A8DA41}.Debug|x86.ActiveCfg = Debug|Any CPU
		{71BBB294-0BB8-4B61-8FA7-3B9962A8DA41}.Debug|x86.Build.0 = Debug|Any CPU
		{71BBB294-0BB8-4B61-8FA7-3B9962A8DA41}.Release|Any CPU.ActiveCfg = Release|Any CPU
		{71BBB294-0BB8-4B61-8FA7-3B9962A8DA41}.Release|Any CPU.Build.0 = Release|Any CPU
		{71BBB294-0BB8-4B61-8FA7-3B9962A8DA41}.Release|x64.ActiveCfg = Release|Any CPU
		{71BBB294-0BB8-4B61-8FA7-3B9962A8DA41}.Release|x64.Build.0 = Release|Any CPU
		{71BBB294-0BB8-4B61-8FA7-3B9962A8DA41}.Release|x86.ActiveCfg = Release|Any CPU
		{71BBB294-0BB8-4B61-8FA7-3B9962A8DA41}.Release|x86.Build.0 = Release|Any CPU
		{BD08D732-9291-46CD-A877-95C0B5AA38FD}.Debug|Any CPU.ActiveCfg = Debug|Any CPU
		{BD08D732-9291-46CD-A877-95C0B5AA38FD}.Debug|Any CPU.Build.0 = Debug|Any CPU
		{BD08D732-9291-46CD-A877-95C0B5AA38FD}.Debug|x64.ActiveCfg = Debug|Any CPU
		{BD08D732-9291-46CD-A877-95C0B5AA38FD}.Debug|x64.Build.0 = Debug|Any CPU
		{BD08D732-9291-46CD-A877-95C0B5AA38FD}.Debug|x86.ActiveCfg = Debug|Any CPU
		{BD08D732-9291-46CD-A877-95C0B5AA38FD}.Debug|x86.Build.0 = Debug|Any CPU
		{BD08D732-9291-46CD-A877-95C0B5AA38FD}.Release|Any CPU.ActiveCfg = Release|Any CPU
		{BD08D732-9291-46CD-A877-95C0B5AA38FD}.Release|Any CPU.Build.0 = Release|Any CPU
		{BD08D732-9291-46CD-A877-95C0B5AA38FD}.Release|x64.ActiveCfg = Release|Any CPU
		{BD08D732-9291-46CD-A877-95C0B5AA38FD}.Release|x64.Build.0 = Release|Any CPU
		{BD08D732-9291-46CD-A877-95C0B5AA38FD}.Release|x86.ActiveCfg = Release|Any CPU
		{BD08D732-9291-46CD-A877-95C0B5AA38FD}.Release|x86.Build.0 = Release|Any CPU
		{4FDE8EBF-54ED-4689-A098-C94B976D3F16}.Debug|Any CPU.ActiveCfg = Debug|Any CPU
		{4FDE8EBF-54ED-4689-A098-C94B976D3F16}.Debug|Any CPU.Build.0 = Debug|Any CPU
		{4FDE8EBF-54ED-4689-A098-C94B976D3F16}.Debug|x64.ActiveCfg = Debug|Any CPU
		{4FDE8EBF-54ED-4689-A098-C94B976D3F16}.Debug|x64.Build.0 = Debug|Any CPU
		{4FDE8EBF-54ED-4689-A098-C94B976D3F16}.Debug|x86.ActiveCfg = Debug|Any CPU
		{4FDE8EBF-54ED-4689-A098-C94B976D3F16}.Debug|x86.Build.0 = Debug|Any CPU
		{4FDE8EBF-54ED-4689-A098-C94B976D3F16}.Release|Any CPU.ActiveCfg = Release|Any CPU
		{4FDE8EBF-54ED-4689-A098-C94B976D3F16}.Release|Any CPU.Build.0 = Release|Any CPU
		{4FDE8EBF-54ED-4689-A098-C94B976D3F16}.Release|x64.ActiveCfg = Release|Any CPU
		{4FDE8EBF-54ED-4689-A098-C94B976D3F16}.Release|x64.Build.0 = Release|Any CPU
		{4FDE8EBF-54ED-4689-A098-C94B976D3F16}.Release|x86.ActiveCfg = Release|Any CPU
		{4FDE8EBF-54ED-4689-A098-C94B976D3F16}.Release|x86.Build.0 = Release|Any CPU
		{38695938-ACC2-4962-8040-7BED6797A269}.Debug|Any CPU.ActiveCfg = Debug|Any CPU
		{38695938-ACC2-4962-8040-7BED6797A269}.Debug|Any CPU.Build.0 = Debug|Any CPU
		{38695938-ACC2-4962-8040-7BED6797A269}.Debug|x64.ActiveCfg = Debug|Any CPU
		{38695938-ACC2-4962-8040-7BED6797A269}.Debug|x64.Build.0 = Debug|Any CPU
		{38695938-ACC2-4962-8040-7BED6797A269}.Debug|x86.ActiveCfg = Debug|Any CPU
		{38695938-ACC2-4962-8040-7BED6797A269}.Debug|x86.Build.0 = Debug|Any CPU
		{38695938-ACC2-4962-8040-7BED6797A269}.Release|Any CPU.ActiveCfg = Release|Any CPU
		{38695938-ACC2-4962-8040-7BED6797A269}.Release|Any CPU.Build.0 = Release|Any CPU
		{38695938-ACC2-4962-8040-7BED6797A269}.Release|x64.ActiveCfg = Release|Any CPU
		{38695938-ACC2-4962-8040-7BED6797A269}.Release|x64.Build.0 = Release|Any CPU
		{38695938-ACC2-4962-8040-7BED6797A269}.Release|x86.ActiveCfg = Release|Any CPU
		{38695938-ACC2-4962-8040-7BED6797A269}.Release|x86.Build.0 = Release|Any CPU
		{979F05A5-4CDE-453D-AB21-8EA68DBC2C91}.Debug|Any CPU.ActiveCfg = Debug|Any CPU
		{979F05A5-4CDE-453D-AB21-8EA68DBC2C91}.Debug|Any CPU.Build.0 = Debug|Any CPU
		{979F05A5-4CDE-453D-AB21-8EA68DBC2C91}.Debug|x64.ActiveCfg = Debug|Any CPU
		{979F05A5-4CDE-453D-AB21-8EA68DBC2C91}.Debug|x64.Build.0 = Debug|Any CPU
		{979F05A5-4CDE-453D-AB21-8EA68DBC2C91}.Debug|x86.ActiveCfg = Debug|Any CPU
		{979F05A5-4CDE-453D-AB21-8EA68DBC2C91}.Debug|x86.Build.0 = Debug|Any CPU
		{979F05A5-4CDE-453D-AB21-8EA68DBC2C91}.Release|Any CPU.ActiveCfg = Release|Any CPU
		{979F05A5-4CDE-453D-AB21-8EA68DBC2C91}.Release|Any CPU.Build.0 = Release|Any CPU
		{979F05A5-4CDE-453D-AB21-8EA68DBC2C91}.Release|x64.ActiveCfg = Release|Any CPU
		{979F05A5-4CDE-453D-AB21-8EA68DBC2C91}.Release|x64.Build.0 = Release|Any CPU
		{979F05A5-4CDE-453D-AB21-8EA68DBC2C91}.Release|x86.ActiveCfg = Release|Any CPU
		{979F05A5-4CDE-453D-AB21-8EA68DBC2C91}.Release|x86.Build.0 = Release|Any CPU
	EndGlobalSection
	GlobalSection(SolutionProperties) = preSolution
		HideSolutionNode = FALSE
	EndGlobalSection
	GlobalSection(NestedProjects) = preSolution
		{558E6B11-834F-4FC6-9A91-7B4635723404} = {B78D7BAC-DD9D-4C00-8756-940697A06114}
		{CCE1FCF2-332C-4A13-80FE-2DB22603DB6F} = {66AA7A19-7298-486B-BA27-96B4A3E3A6EE}
		{71BBB294-0BB8-4B61-8FA7-3B9962A8DA41} = {1D55DED2-8329-4917-A077-37B53C358887}
		{BD08D732-9291-46CD-A877-95C0B5AA38FD} = {B78D7BAC-DD9D-4C00-8756-940697A06114}
		{4FDE8EBF-54ED-4689-A098-C94B976D3F16} = {B78D7BAC-DD9D-4C00-8756-940697A06114}
		{38695938-ACC2-4962-8040-7BED6797A269} = {1D55DED2-8329-4917-A077-37B53C358887}
		{979F05A5-4CDE-453D-AB21-8EA68DBC2C91} = {1D55DED2-8329-4917-A077-37B53C358887}
	EndGlobalSection
EndGlobal
